
Microsoft Visual Studio Solution File, Format Version 12.00
# Visual Studio Version 16
VisualStudioVersion = 16.0.32630.194
MinimumVisualStudioVersion = 10.0.40219.1
Project("{9A19103F-16F7-4668-BE54-9A1E7A4F7556}") = "EmailDownload", "EmailDownload.csproj", "{4561B643-8E26-4E95-91CB-3BAE6E67E5C0}"
EndProject
Global
	GlobalSection(SolutionConfigurationPlatforms) = preSolution
		Debug|Any CPU = Debug|Any CPU
		Release|Any CPU = Release|Any CPU
	EndGlobalSection
	GlobalSection(ProjectConfigurationPlatforms) = postSolution
		{4561B643-8E26-4E95-91CB-3BAE6E67E5C0}.Debug|Any CPU.ActiveCfg = Debug|Any CPU
		{4561B643-8E26-4E95-91CB-3BAE6E67E5C0}.Debug|Any CPU.Build.0 = Debug|Any CPU
		{4561B643-8E26-4E95-91CB-3BAE6E67E5C0}.Release|Any CPU.ActiveCfg = Release|Any CPU
		{4561B643-8E26-4E95-91CB-3BAE6E67E5C0}.Release|Any CPU.Build.0 = Release|Any CPU
	EndGlobalSection
	GlobalSection(SolutionProperties) = preSolution
		HideSolutionNode = FALSE
	EndGlobalSection
	GlobalSection(ExtensibilityGlobals) = postSolution
		SolutionGuid = {E4910580-AA34-4D54-AE81-AAB5749D133C}
	EndGlobalSection
EndGlobal
