
Microsoft Visual Studio Solution File, Format Version 12.00
# Visual Studio Version 17
VisualStudioVersion = 17.9.34622.214
MinimumVisualStudioVersion = 10.0.40219.1
Project("{9A19103F-16F7-4668-BE54-9A1E7A4F7556}") = "DWPipelineWebService", "DWPipelineWebService.csproj", "{6EC3892C-4047-4FAC-9AA3-37F1DD8F3945}"
EndProject
Global
	GlobalSection(SolutionConfigurationPlatforms) = preSolution
		Debug|Any CPU = Debug|Any CPU
		Release|Any CPU = Release|Any CPU
	EndGlobalSection
	GlobalSection(ProjectConfigurationPlatforms) = postSolution
		{6EC3892C-4047-4FAC-9AA3-37F1DD8F3945}.Debug|Any CPU.ActiveCfg = Debug|Any CPU
		{6EC3892C-4047-4FAC-9AA3-37F1DD8F3945}.Debug|Any CPU.Build.0 = Debug|Any CPU
		{6EC3892C-4047-4FAC-9AA3-37F1DD8F3945}.Release|Any CPU.ActiveCfg = Release|Any CPU
		{6EC3892C-4047-4FAC-9AA3-37F1DD8F3945}.Release|Any CPU.Build.0 = Release|Any CPU
	EndGlobalSection
	GlobalSection(SolutionProperties) = preSolution
		HideSolutionNode = FALSE
	EndGlobalSection
	GlobalSection(ExtensibilityGlobals) = postSolution
		SolutionGuid = {F4C009AD-0B73-4567-9F9C-1705AB5D2562}
	EndGlobalSection
EndGlobal
